{
  "name": "a11y-component-atlas",
  "lockfileVersion": 3,
  "requires": true,
  "packages": {
    "": {
      "dependencies": {
        "a11y-component-atlas": "file:.."
      }
    },
    "..": {
      "version": "1.0.0",
      "dependencies": {
        "class-variance-authority": "^0.7.0",
        "clsx": "^2.0.0",
        "react": "^18.2.0",
        "react-dom": "^18.2.0",
        "tailwind-merge": "^2.1.0"
      },
      "devDependencies": {
        "@storybook/addon-a11y": "^7.6.20",
        "@storybook/addon-essentials": "^7.6.20",
        "@storybook/addon-interactions": "^7.6.20",
        "@storybook/addon-links": "^7.6.20",
        "@storybook/react": "^7.6.20",
        "@storybook/react-vite": "^7.6.20",
        "@testing-library/jest-dom": "^6.1.4",
        "@testing-library/react": "^14.0.0",
        "@testing-library/user-event": "^14.5.1",
        "@types/react": "^18.2.45",
        "@types/react-dom": "^18.2.18",
        "@vitejs/plugin-react": "^4.2.1",
        "autoprefixer": "^10.4.16",
        "axe-core": "^4.8.0",
        "eslint": "^8.56.0",
        "postcss": "^8.4.32",
        "storybook": "^7.6.20",
        "tailwindcss": "^3.4.0",
        "typescript": "^5.3.3",
        "vite": "^5.0.8",
        "vitest": "^1.0.4",
        "vitest-axe": "^0.1.0"
      }
    },
    "node_modules/a11y-component-atlas": {
      "resolved": "..",
      "link": true
    }
  }
}
